
Microsoft Visual Studio Solution File, Format Version 12.00
# Visual Studio Version 17
VisualStudioVersion = 17.11.35312.102
MinimumVisualStudioVersion = 10.0.40219.1
Project("{FAE04EC0-301F-11D3-BF4B-00C04F79EFBC}") = "Paint1", "Paint1\Paint1.csproj", "{6AB8CC6B-AC65-4186-BFF6-D0B3353AF8C9}"
EndProject
Global
	GlobalSection(SolutionConfigurationPlatforms) = preSolution
		Debug|Any CPU = Debug|Any CPU
		Release|Any CPU = Release|Any CPU
	EndGlobalSection
	GlobalSection(ProjectConfigurationPlatforms) = postSolution
		{6AB8CC6B-AC65-4186-BFF6-D0B3353AF8C9}.Debug|Any CPU.ActiveCfg = Debug|Any CPU
		{6AB8CC6B-AC65-4186-BFF6-D0B3353AF8C9}.Debug|Any CPU.Build.0 = Debug|Any CPU
		{6AB8CC6B-AC65-4186-BFF6-D0B3353AF8C9}.Release|Any CPU.ActiveCfg = Release|Any CPU
		{6AB8CC6B-AC65-4186-BFF6-D0B3353AF8C9}.Release|Any CPU.Build.0 = Release|Any CPU
	EndGlobalSection
	GlobalSection(SolutionProperties) = preSolution
		HideSolutionNode = FALSE
	EndGlobalSection
	GlobalSection(ExtensibilityGlobals) = postSolution
		SolutionGuid = {2D642C1E-9BA3-4CD8-A254-9A1AAEB9EBB9}
	EndGlobalSection
EndGlobal
